
Microsoft Visual Studio Solution File, Format Version 12.00
# Visual Studio Version 17
VisualStudioVersion = 17.0.31919.166
MinimumVisualStudioVersion = 10.0.40219.1
Project("{FAE04EC0-301F-11D3-BF4B-00C04F79EFBC}") = "console-calculator-demo", "console-calculator-demo.csproj", "{88FF5C44-F626-4F3D-A54D-57D7C9A9FEAB}"
EndProject
Global
	GlobalSection(SolutionConfigurationPlatforms) = preSolution
		Debug|Any CPU = Debug|Any CPU
		Release|Any CPU = Release|Any CPU
	EndGlobalSection
	GlobalSection(ProjectConfigurationPlatforms) = postSolution
		{88FF5C44-F626-4F3D-A54D-57D7C9A9FEAB}.Debug|Any CPU.ActiveCfg = Debug|Any CPU
		{88FF5C44-F626-4F3D-A54D-57D7C9A9FEAB}.Debug|Any CPU.Build.0 = Debug|Any CPU
		{88FF5C44-F626-4F3D-A54D-57D7C9A9FEAB}.Release|Any CPU.ActiveCfg = Release|Any CPU
		{88FF5C44-F626-4F3D-A54D-57D7C9A9FEAB}.Release|Any CPU.Build.0 = Release|Any CPU
	EndGlobalSection
	GlobalSection(SolutionProperties) = preSolution
		HideSolutionNode = FALSE
	EndGlobalSection
	GlobalSection(ExtensibilityGlobals) = postSolution
		SolutionGuid = {F1F90E5C-9B0A-45D5-AEA7-7D9EBF7462CE}
	EndGlobalSection
EndGlobal
